Microsoft Visual Studio Solution File, Format Version 12.00
# Visual Studio Version 17
VisualStudioVersion = 17.5.2.0
MinimumVisualStudioVersion = 10.0.40219.1
Project("{FAE04EC0-301F-11D3-BF4B-00C04F79EFBC}") = "studentMangementConsole", "studentMangementConsole.csproj", "{C80A172D-6336-F49C-46F1-25B5180DA9D2}"
EndProject
Global
	GlobalSection(SolutionConfigurationPlatforms) = preSolution
		Debug|Any CPU = Debug|Any CPU
		Release|Any CPU = Release|Any CPU
	EndGlobalSection
	GlobalSection(ProjectConfigurationPlatforms) = postSolution
		{C80A172D-6336-F49C-46F1-25B5180DA9D2}.Debug|Any CPU.ActiveCfg = Debug|Any CPU
		{C80A172D-6336-F49C-46F1-25B5180DA9D2}.Debug|Any CPU.Build.0 = Debug|Any CPU
		{C80A172D-6336-F49C-46F1-25B5180DA9D2}.Release|Any CPU.ActiveCfg = Release|Any CPU
		{C80A172D-6336-F49C-46F1-25B5180DA9D2}.Release|Any CPU.Build.0 = Release|Any CPU
	EndGlobalSection
	GlobalSection(SolutionProperties) = preSolution
		HideSolutionNode = FALSE
	EndGlobalSection
	GlobalSection(ExtensibilityGlobals) = postSolution
		SolutionGuid = {5C206153-5D9E-4AAA-8F3F-00A5947A2370}
	EndGlobalSection
EndGlobal
